
Microsoft Visual Studio Solution File, Format Version 12.00
# Visual Studio Version 16
VisualStudioVersion = 16.0.30011.22
MinimumVisualStudioVersion = 10.0.40219.1
Project("{9A19103F-16F7-4668-BE54-9A1E7A4F7556}") = "Database_Builder", "Database_Builder\Database_Builder.csproj", "{520E2916-6363-4FD4-BD6E-2FB240C08173}"
EndProject
Project("{FAE04EC0-301F-11D3-BF4B-00C04F79EFBC}") = "TheBestCarShop", "TheBestCarShop\TheBestCarShop.csproj", "{8804F6C2-5E1E-4C5E-99ED-6A3F716D1A00}"
EndProject
Global
	GlobalSection(SolutionConfigurationPlatforms) = preSolution
		Debug|Any CPU = Debug|Any CPU
		Release|Any CPU = Release|Any CPU
	EndGlobalSection
	GlobalSection(ProjectConfigurationPlatforms) = postSolution
		{520E2916-6363-4FD4-BD6E-2FB240C08173}.Debug|Any CPU.ActiveCfg = Debug|Any CPU
		{520E2916-6363-4FD4-BD6E-2FB240C08173}.Debug|Any CPU.Build.0 = Debug|Any CPU
		{520E2916-6363-4FD4-BD6E-2FB240C08173}.Release|Any CPU.ActiveCfg = Release|Any CPU
		{520E2916-6363-4FD4-BD6E-2FB240C08173}.Release|Any CPU.Build.0 = Release|Any CPU
		{8804F6C2-5E1E-4C5E-99ED-6A3F716D1A00}.Debug|Any CPU.ActiveCfg = Debug|Any CPU
		{8804F6C2-5E1E-4C5E-99ED-6A3F716D1A00}.Debug|Any CPU.Build.0 = Debug|Any CPU
		{8804F6C2-5E1E-4C5E-99ED-6A3F716D1A00}.Release|Any CPU.ActiveCfg = Release|Any CPU
		{8804F6C2-5E1E-4C5E-99ED-6A3F716D1A00}.Release|Any CPU.Build.0 = Release|Any CPU
	EndGlobalSection
	GlobalSection(SolutionProperties) = preSolution
		HideSolutionNode = FALSE
	EndGlobalSection
	GlobalSection(ExtensibilityGlobals) = postSolution
		SolutionGuid = {3BD0212E-3EB5-4E0B-A309-077687EC7DEE}
	EndGlobalSection
EndGlobal
